<?xml version="1.0" encoding="utf-8"?>
<Project ToolsVersion="4.0" xmlns="http://schemas.microsoft.com/developer/msbuild/2003">
  <ItemGroup>
    <ClCompile Include="main.cpp" />
    <ClCompile Include="RGBDSensor.cpp" />
    <ClCompile Include="IntelRSSensor.cpp" />
    <ClCompile Include="imagecompression.cpp" />
  </ItemGroup>
  <ItemGroup>
    <ClInclude Include="RGBDSensor.h" />
    <ClInclude Include="IntelRSSensor.h" />
    <ClInclude Include="imagecompression.h" />
    <ClInclude Include="global.h" />
  </ItemGroup>
</Project>